// !$*UTF8*$!
{
	archiveVersion = 1;
	classes = {
	};
	objectVersion = 46;
	objects = {

/* Begin PBXBuildFile section */
		98A42F6E1CE9AD450036ACB4 /* AppDelegate.swift in Sources */ = {isa = PBXBuildFile; fileRef = 98A42F6D1CE9AD450036ACB4 /* AppDelegate.swift */; };
		98A42F701CE9AD450036ACB4 /* ViewController.swift in Sources */ = {isa = PBXBuildFile; fileRef = 98A42F6F1CE9AD450036ACB4 /* ViewController.swift */; };
		98A42F731CE9AD450036ACB4 /* Main.storyboard in Resources */ = {isa = PBXBuildFile; fileRef = 98A42F711CE9AD450036ACB4 /* Main.storyboard */; };
		98A42F751CE9AD450036ACB4 /* Assets.xcassets in Resources */ = {isa = PBXBuildFile; fileRef = 98A42F741CE9AD450036ACB4 /* Assets.xcassets */; };
		98A42F781CE9AD450036ACB4 /* LaunchScreen.storyboard in Resources */ = {isa = PBXBuildFile; fileRef = 98A42F761CE9AD450036ACB4 /* LaunchScreen.storyboard */; };
/* End PBXBuildFile section */

/* Begin PBXFileReference section */
		98A42F6A1CE9AD450036ACB4 /* GGLoadingExample.app */ = {isa = PBXFileReference; explicitFileType = wrapper.application; includeInIndex = 0; path = GGLoadingExample.app; sourceTree = BUILT_PRODUCTS_DIR; };
		98A42F6D1CE9AD450036ACB4 /* AppDelegate.swift */ = {isa = PBXFileReference; lastKnownFileType = sourcecode.swift; path = AppDelegate.swift; sourceTree = "<group>"; };
		98A42F6F1CE9AD450036ACB4 /* ViewController.swift */ = {isa = PBXFileReference; lastKnownFileType = sourcecode.swift; path = ViewController.swift; sourceTree = "<group>"; };
		98A42F721CE9AD450036ACB4 /* Base */ = {isa = PBXFileReference; lastKnownFileType = file.storyboard; name = Base; path = Base.lproj/Main.storyboard; sourceTree = "<group>"; };
		98A42F741CE9AD450036ACB4 /* Assets.xcassets */ = {isa = PBXFileReference; lastKnownFileType = folder.assetcatalog; path = Assets.xcassets; sourceTree = "<group>"; };
		98A42F771CE9AD450036ACB4 /* Base */ = {isa = PBXFileReference; lastKnownFileType = file.storyboard; name = Base; path = Base.lproj/LaunchScreen.storyboard; sourceTree = "<group>"; };
		98A42F791CE9AD450036ACB4 /* Info.plist */ = {isa = PBXFileReference; lastKnownFileType = text.plist.xml; path = Info.plist; sourceTree = "<group>"; };
/* End PBXFileReference section */

/* Begin PBXFrameworksBuildPhase section */
		98A42F671CE9AD450036ACB4 /* Frameworks */ = {
			isa = PBXFrameworksBuildPhase;
			buildActionMask = 2147483647;
			files = (
			);
			runOnlyForDeploymentPostprocessing = 0;
		};
/* End PBXFrameworksBuildPhase section */

/* Begin PBXGroup section */
		98A42F611CE9AD450036ACB4 = {
			isa = PBXGroup;
			children = (
				98A42F6C1CE9AD450036ACB4 /* GGLoadingExample */,
				98A42F6B1CE9AD450036ACB4 /* Products */,
			);
			sourceTree = "<group>";
		};
		98A42F6B1CE9AD450036ACB4 /* Products */ = {
			isa = PBXGroup;
			children = (
				98A42F6A1CE9AD450036ACB4 /* GGLoadingExample.app */,
			);
			name = Products;
			sourceTree = "<group>";
		};
		98A42F6C1CE9AD450036ACB4 /* GGLoadingExample */ = {
			isa = PBXGroup;
			children = (
				98A42F6D1CE9AD450036ACB4 /* AppDelegate.swift */,
				98A42F6F1CE9AD450036ACB4 /* ViewController.swift */,
				98A42F711CE9AD450036ACB4 /* Main.storyboard */,
				98A42F741CE9AD450036ACB4 /* Assets.xcassets */,
				98A42F761CE9AD450036ACB4 /* LaunchScreen.storyboard */,
				98A42F791CE9AD450036ACB4 /* Info.plist */,
			);
			path = GGLoadingExample;
			sourceTree = "<group>";
		};
/* End PBXGroup section */

/* Begin PBXNativeTarget section */
		98A42F691CE9AD450036ACB4 /* GGLoadingExample */ = {
			isa = PBXNativeTarget;
			buildConfigurationList = 98A42F7C1CE9AD450036ACB4 /* Build configuration list for PBXNativeTarget "GGLoadingExample" */;
			buildPhases = (
				98A42F661CE9AD450036ACB4 /* Sources */,
				98A42F671CE9AD450036ACB4 /* Frameworks */,
				98A42F681CE9AD450036ACB4 /* Resources */,
			);
			buildRules = (
			);
			dependencies = (
			);
			name = GGLoadingExample;
			productName = GGLoadingExample;
			productReference = 98A42F6A1CE9AD450036ACB4 /* GGLoadingExample.app */;
			productType = "com.apple.product-type.application";
		};
/* End PBXNativeTarget section */

/* Begin PBXProject section */
		98A42F621CE9AD450036ACB4 /* Project object */ = {
			isa = PBXProject;
			attributes = {
				LastSwiftUpdateCheck = 0730;
				LastUpgradeCheck = 0730;
				ORGANIZATIONNAME = iGROOMGRiM;
				TargetAttributes = {
					98A42F691CE9AD450036ACB4 = {
						CreatedOnToolsVersion = 7.3.1;
					};
				};
			};
			buildConfigurationList = 98A42F651CE9AD450036ACB4 /* Build configuration list for PBXProject "GGLoadingExample" */;
			compatibilityVersion = "Xcode 3.2";
			developmentRegion = English;
			hasScannedForEncodings = 0;
			knownRegions = (
				en,
				Base,
			);
			mainGroup = 98A42F611CE9AD450036ACB4;
			productRefGroup = 98A42F6B1CE9AD450036ACB4 /* Products */;
			projectDirPath = "";
			projectRoot = "";
			targets = (
				98A42F691CE9AD450036ACB4 /* GGLoadingExample */,
			);
		};
/* End PBXProject section */

/* Begin PBXResourcesBuildPhase section */
		98A42F681CE9AD450036ACB4 /* Resources */ = {
			isa = PBXResourcesBuildPhase;
			buildActionMask = 2147483647;
			files = (
				98A42F781CE9AD450036ACB4 /* LaunchScreen.storyboard in Resources */,
				98A42F751CE9AD450036ACB4 /* Assets.xcassets in Resources */,
				98A42F731CE9AD450036ACB4 /* Main.storyboard in Resources */,
			);
			runOnlyForDeploymentPostprocessing = 0;
		};
/* End PBXResourcesBuildPhase section */

/* Begin PBXSourcesBuildPhase section */
		98A42F661CE9AD450036ACB4 /* Sources */ = {
			isa = PBXSourcesBuildPhase;
			buildActionMask = 2147483647;
			files = (
				98A42F701CE9AD450036ACB4 /* ViewController.swift in Sources */,
				98A42F6E1CE9AD450036ACB4 /* AppDelegate.swift in Sources */,
			);
			runOnlyForDeploymentPostprocessing = 0;
		};
/* End PBXSourcesBuildPhase section */

/* Begin PBXVariantGroup section */
		98A42F711CE9AD450036ACB4 /* Main.storyboard */ = {
			isa = PBXVariantGroup;
			children = (
				98A42F721CE9AD450036ACB4 /* Base */,
			);
			name = Main.storyboard;
			sourceTree = "<group>";
		};
		98A42F761CE9AD450036ACB4 /* LaunchScreen.storyboard */ = {
			isa = PBXVariantGroup;
			children = (
				98A42F771CE9AD450036ACB4 /* Base */,
			);
			name = LaunchScreen.storyboard;
			sourceTree = "<group>";
		};
/* End PBXVariantGroup section */

/* Begin XCBuildConfiguration section */
		98A42F7A1CE9AD450036ACB4 /* Debug */ = {
			isa = XCBuildConfiguration;
			buildSettings = {
				ALWAYS_SEARCH_USER_PATHS = NO;
				CLANG_ANALYZER_NONNULL = YES;
				CLANG_CXX_LANGUAGE_STANDARD = "gnu++0x";
				CLANG_CXX_LIBRARY = "libc++";
				CLANG_ENABLE_MODULES = YES;
				CLANG_ENABLE_OBJC_ARC = YES;
				CLANG_WARN_BOOL_CONVERSION = YES;
				CLANG_WARN_CONSTANT_CONVERSION = YES;
				CLANG_WARN_DIRECT_OBJC_ISA_USAGE = YES_ERROR;
				CLANG_WARN_EMPTY_BODY = YES;
				CLANG_WARN_ENUM_CONVERSION = YES;
				CLANG_WARN_INT_CONVERSION = YES;
				CLANG_WARN_OBJC_ROOT_CLASS = YES_ERROR;
				CLANG_WARN_UNREACHABLE_CODE = YES;
				CLANG_WARN__DUPLICATE_METHOD_MATCH = YES;
				"CODE_SIGN_IDENTITY[sdk=iphoneos*]" = "iPhone Developer";
				COPY_PHASE_STRIP = NO;
				DEBUG_INFORMATION_FORMAT = dwarf;
				ENABLE_STRICT_OBJC_MSGSEND = YES;
				ENABLE_TESTABILITY = YES;
				GCC_C_LANGUAGE_STANDARD = gnu99;
				GCC_DYNAMIC_NO_PIC = NO;
				GCC_NO_COMMON_BLOCKS = YES;
				GCC_OPTIMIZATION_LEVEL = 0;
				GCC_PREPROCESSOR_DEFINITIONS = (
					"DEBUG=1",
					"$(inherited)",
				);
				GCC_WARN_64_TO_32_BIT_CONVERSION = YES;
				GCC_WARN_ABOUT_RETURN_TYPE = YES_ERROR;
				GCC_WARN_UNDECLARED_SELECTOR = YES;
				GCC_WARN_UNINITIALIZED_AUTOS = YES_AGGRESSIVE;
				GCC_WARN_UNUSED_FUNCTION = YES;
				GCC_WARN_UNUSED_VARIABLE = YES;
				IPHONEOS_DEPLOYMENT_TARGET = 9.3;
				MTL_ENABLE_DEBUG_INFO = YES;
				ONLY_ACTIVE_ARCH = YES;
				SDKROOT = iphoneos;
				SWIFT_OPTIMIZATION_LEVEL = "-Onone";
			};
			name = Debug;
		};
		98A42F7B1CE9AD450036ACB4 /* Release */ = {
			isa = XCBuildConfiguration;
			buildSettings = {
				ALWAYS_SEARCH_USER_PATHS = NO;
				CLANG_ANALYZER_NONNULL = YES;
				CLANG_CXX_LANGUAGE_STANDARD = "gnu++0x";
				CLANG_CXX_LIBRARY = "libc++";
				CLANG_ENABLE_MODULES = YES;
				CLANG_ENABLE_OBJC_ARC = YES;
				CLANG_WARN_BOOL_CONVERSION = YES;
				CLANG_WARN_CONSTANT_CONVERSION = YES;
				CLANG_WARN_DIRECT_OBJC_ISA_USAGE = YES_ERROR;
				CLANG_WARN_EMPTY_BODY = YES;
				CLANG_WARN_ENUM_CONVERSION = YES;
				CLANG_WARN_INT_CONVERSION = YES;
				CLANG_WARN_OBJC_ROOT_CLASS = YES_ERROR;
				CLANG_WARN_UNREACHABLE_CODE = YES;
				CLANG_WARN__DUPLICATE_METHOD_MATCH = YES;
				"CODE_SIGN_IDENTITY[sdk=iphoneos*]" = "iPhone Developer";
				COPY_PHASE_STRIP = NO;
				DEBUG_INFORMATION_FORMAT = "dwarf-with-dsym";
				ENABLE_NS_ASSERTIONS = NO;
				ENABLE_STRICT_OBJC_MSGSEND = YES;
				GCC_C_LANGUAGE_STANDARD = gnu99;
				GCC_NO_COMMON_BLOCKS = YES;
				GCC_WARN_64_TO_32_BIT_CONVERSION = YES;
				GCC_WARN_ABOUT_RETURN_TYPE = YES_ERROR;
				GCC_WARN_UNDECLARED_SELECTOR = YES;
				GCC_WARN_UNINITIALIZED_AUTOS = YES_AGGRESSIVE;
				GCC_WARN_UNUSED_FUNCTION = YES;
				GCC_WARN_UNUSED_VARIABLE = YES;
				IPHONEOS_DEPLOYMENT_TARGET = 9.3;
				MTL_ENABLE_DEBUG_INFO = NO;
				SDKROOT = iphoneos;
				VALIDATE_PRODUCT = YES;
			};
			name = Release;
		};
		98A42F7D1CE9AD450036ACB4 /* Debug */ = {
			isa = XCBuildConfiguration;
			buildSettings = {
				ASSETCATALOG_COMPILER_APPICON_NAME = AppIcon;
				INFOPLIST_FILE = GGLoadingExample/Info.plist;
				LD_RUNPATH_SEARCH_PATHS = "$(inherited) @executable_path/Frameworks";
				PRODUCT_BUNDLE_IDENTIFIER = com.igroomgrim.GGLoadingExample;
				PRODUCT_NAME = "$(TARGET_NAME)";
			};
			name = Debug;
		};
		98A42F7E1CE9AD450036ACB4 /* Release */ = {
			isa = XCBuildConfiguration;
			buildSettings = {
				ASSETCATALOG_COMPILER_APPICON_NAME = AppIcon;
				INFOPLIST_FILE = GGLoadingExample/Info.plist;
				LD_RUNPATH_SEARCH_PATHS = "$(inherited) @executable_path/Frameworks";
				PRODUCT_BUNDLE_IDENTIFIER = com.igroomgrim.GGLoadingExample;
				PRODUCT_NAME = "$(TARGET_NAME)";
			};
			name = Release;
		};
/* End XCBuildConfiguration section */

/* Begin XCConfigurationList section */
		98A42F651CE9AD450036ACB4 /* Build configuration list for PBXProject "GGLoadingExample" */ = {
			isa = XCConfigurationList;
			buildConfigurations = (
				98A42F7A1CE9AD450036ACB4 /* Debug */,
				98A42F7B1CE9AD450036ACB4 /* Release */,
			);
			defaultConfigurationIsVisible = 0;
			defaultConfigurationName = Release;
		};
		98A42F7C1CE9AD450036ACB4 /* Build configuration list for PBXNativeTarget "GGLoadingExample" */ = {
			isa = XCConfigurationList;
			buildConfigurations = (
				98A42F7D1CE9AD450036ACB4 /* Debug */,
				98A42F7E1CE9AD450036ACB4 /* Release */,
			);
			defaultConfigurationIsVisible = 0;
		};
/* End XCConfigurationList section */
	};
	rootObject = 98A42F621CE9AD450036ACB4 /* Project object */;
}
